
Microsoft Visual Studio Solution File, Format Version 12.00
Project("{FAE04EC0-301F-11D3-BF4B-00C04F79EFBC}") = "ScriptLab", "ScriptLab.csproj", "{ADD5E7F0-ED60-4F5C-BEB7-2C9853267164}"
EndProject
Project("{FAE04EC0-301F-11D3-BF4B-00C04F79EFBC}") = "ScriptLab.Tests", "ScriptLab.Tests\ScriptLab.Tests.csproj", "{8392AB45-1DC0-4614-9F38-6BF2C519CB9A}"
EndProject
Project("{FAE04EC0-301F-11D3-BF4B-00C04F79EFBC}") = "ScriptLab.ScriptAssets", "ScriptLab.ScriptAssets\ScriptLab.ScriptAssets.csproj", "{E19AA04B-1238-4A96-97A3-73ED08FDA279}"
EndProject
Project("{FAE04EC0-301F-11D3-BF4B-00C04F79EFBC}") = "ScriptLab.Analyzers", "ScriptLab.Analyzers\ScriptLab.Analyzers.csproj", "{387C2401-FEEC-4E6A-A980-DFEAC921BF42}"
EndProject
Project("{2150E333-8FDC-42A3-9474-1A3956D46DE8}") = "src", "src", "{827E0CD3-B72D-47B6-A68D-7590B98EB39B}"
EndProject
Project("{FAE04EC0-301F-11D3-BF4B-00C04F79EFBC}") = "Asharia.GraphCSharp.Abstractions", "src\Asharia.GraphCSharp.Abstractions\Asharia.GraphCSharp.Abstractions.csproj", "{39BA3FBD-D296-498B-9B61-3F9257EA6836}"
EndProject
Project("{FAE04EC0-301F-11D3-BF4B-00C04F79EFBC}") = "Asharia.GraphCSharp.Compiler", "src\Asharia.GraphCSharp.Compiler\Asharia.GraphCSharp.Compiler.csproj", "{2E1B685E-D18D-4C95-96D8-40C4BCBCF971}"
EndProject
Project("{FAE04EC0-301F-11D3-BF4B-00C04F79EFBC}") = "Asharia.GraphCSharp.Runtime", "src\Asharia.GraphCSharp.Runtime\Asharia.GraphCSharp.Runtime.csproj", "{F2650DD2-458A-4084-A992-C0831475FD66}"
EndProject
Project("{FAE04EC0-301F-11D3-BF4B-00C04F79EFBC}") = "Asharia.ScriptLab.Debug", "src\Asharia.ScriptLab.Debug\Asharia.ScriptLab.Debug.csproj", "{535FE688-D162-44D9-9965-5FF6353EBE42}"
EndProject
Project("{FAE04EC0-301F-11D3-BF4B-00C04F79EFBC}") = "Asharia.ScriptLab.Server", "src\Asharia.ScriptLab.Server\Asharia.ScriptLab.Server.csproj", "{CE2C67C6-B428-4BEC-82BF-C2BA5200171B}"
EndProject
Project("{FAE04EC0-301F-11D3-BF4B-00C04F79EFBC}") = "Asharia.ScriptLab.MockEngine", "src\Asharia.ScriptLab.MockEngine\Asharia.ScriptLab.MockEngine.csproj", "{6EFCA9A4-A557-4497-9261-357E06C65585}"
EndProject
Global
	GlobalSection(SolutionConfigurationPlatforms) = preSolution
		Debug|Any CPU = Debug|Any CPU
		Debug|x64 = Debug|x64
		Debug|x86 = Debug|x86
		Release|Any CPU = Release|Any CPU
		Release|x64 = Release|x64
		Release|x86 = Release|x86
	EndGlobalSection
	GlobalSection(ProjectConfigurationPlatforms) = postSolution
		{ADD5E7F0-ED60-4F5C-BEB7-2C9853267164}.Debug|Any CPU.ActiveCfg = Debug|Any CPU
		{ADD5E7F0-ED60-4F5C-BEB7-2C9853267164}.Debug|Any CPU.Build.0 = Debug|Any CPU
		{ADD5E7F0-ED60-4F5C-BEB7-2C9853267164}.Debug|x64.ActiveCfg = Debug|Any CPU
		{ADD5E7F0-ED60-4F5C-BEB7-2C9853267164}.Debug|x64.Build.0 = Debug|Any CPU
		{ADD5E7F0-ED60-4F5C-BEB7-2C9853267164}.Debug|x86.ActiveCfg = Debug|Any CPU
		{ADD5E7F0-ED60-4F5C-BEB7-2C9853267164}.Debug|x86.Build.0 = Debug|Any CPU
		{ADD5E7F0-ED60-4F5C-BEB7-2C9853267164}.Release|Any CPU.ActiveCfg = Release|Any CPU
		{ADD5E7F0-ED60-4F5C-BEB7-2C9853267164}.Release|Any CPU.Build.0 = Release|Any CPU
		{ADD5E7F0-ED60-4F5C-BEB7-2C9853267164}.Release|x64.ActiveCfg = Release|Any CPU
		{ADD5E7F0-ED60-4F5C-BEB7-2C9853267164}.Release|x64.Build.0 = Release|Any CPU
		{ADD5E7F0-ED60-4F5C-BEB7-2C9853267164}.Release|x86.ActiveCfg = Release|Any CPU
		{ADD5E7F0-ED60-4F5C-BEB7-2C9853267164}.Release|x86.Build.0 = Release|Any CPU
		{8392AB45-1DC0-4614-9F38-6BF2C519CB9A}.Debug|Any CPU.ActiveCfg = Debug|Any CPU
		{8392AB45-1DC0-4614-9F38-6BF2C519CB9A}.Debug|Any CPU.Build.0 = Debug|Any CPU
		{8392AB45-1DC0-4614-9F38-6BF2C519CB9A}.Debug|x64.ActiveCfg = Debug|Any CPU
		{8392AB45-1DC0-4614-9F38-6BF2C519CB9A}.Debug|x64.Build.0 = Debug|Any CPU
		{8392AB45-1DC0-4614-9F38-6BF2C519CB9A}.Debug|x86.ActiveCfg = Debug|Any CPU
		{8392AB45-1DC0-4614-9F38-6BF2C519CB9A}.Debug|x86.Build.0 = Debug|Any CPU
		{8392AB45-1DC0-4614-9F38-6BF2C519CB9A}.Release|Any CPU.ActiveCfg = Release|Any CPU
		{8392AB45-1DC0-4614-9F38-6BF2C519CB9A}.Release|Any CPU.Build.0 = Release|Any CPU
		{8392AB45-1DC0-4614-9F38-6BF2C519CB9A}.Release|x64.ActiveCfg = Release|Any CPU
		{8392AB45-1DC0-4614-9F38-6BF2C519CB9A}.Release|x64.Build.0 = Release|Any CPU
		{8392AB45-1DC0-4614-9F38-6BF2C519CB9A}.Release|x86.ActiveCfg = Release|Any CPU
		{8392AB45-1DC0-4614-9F38-6BF2C519CB9A}.Release|x86.Build.0 = Release|Any CPU
		{E19AA04B-1238-4A96-97A3-73ED08FDA279}.Debug|Any CPU.ActiveCfg = Debug|Any CPU
		{E19AA04B-1238-4A96-97A3-73ED08FDA279}.Debug|Any CPU.Build.0 = Debug|Any CPU
		{E19AA04B-1238-4A96-97A3-73ED08FDA279}.Debug|x64.ActiveCfg = Debug|Any CPU
		{E19AA04B-1238-4A96-97A3-73ED08FDA279}.Debug|x64.Build.0 = Debug|Any CPU
		{E19AA04B-1238-4A96-97A3-73ED08FDA279}.Debug|x86.ActiveCfg = Debug|Any CPU
		{E19AA04B-1238-4A96-97A3-73ED08FDA279}.Debug|x86.Build.0 = Debug|Any CPU
		{E19AA04B-1238-4A96-97A3-73ED08FDA279}.Release|Any CPU.ActiveCfg = Release|Any CPU
		{E19AA04B-1238-4A96-97A3-73ED08FDA279}.Release|Any CPU.Build.0 = Release|Any CPU
		{E19AA04B-1238-4A96-97A3-73ED08FDA279}.Release|x64.ActiveCfg = Release|Any CPU
		{E19AA04B-1238-4A96-97A3-73ED08FDA279}.Release|x64.Build.0 = Release|Any CPU
		{E19AA04B-1238-4A96-97A3-73ED08FDA279}.Release|x86.ActiveCfg = Release|Any CPU
		{E19AA04B-1238-4A96-97A3-73ED08FDA279}.Release|x86.Build.0 = Release|Any CPU
		{387C2401-FEEC-4E6A-A980-DFEAC921BF42}.Debug|Any CPU.ActiveCfg = Debug|Any CPU
		{387C2401-FEEC-4E6A-A980-DFEAC921BF42}.Debug|Any CPU.Build.0 = Debug|Any CPU
		{387C2401-FEEC-4E6A-A980-DFEAC921BF42}.Debug|x64.ActiveCfg = Debug|Any CPU
		{387C2401-FEEC-4E6A-A980-DFEAC921BF42}.Debug|x64.Build.0 = Debug|Any CPU
		{387C2401-FEEC-4E6A-A980-DFEAC921BF42}.Debug|x86.ActiveCfg = Debug|Any CPU
		{387C2401-FEEC-4E6A-A980-DFEAC921BF42}.Debug|x86.Build.0 = Debug|Any CPU
		{387C2401-FEEC-4E6A-A980-DFEAC921BF42}.Release|Any CPU.ActiveCfg = Release|Any CPU
		{387C2401-FEEC-4E6A-A980-DFEAC921BF42}.Release|Any CPU.Build.0 = Release|Any CPU
		{387C2401-FEEC-4E6A-A980-DFEAC921BF42}.Release|x64.ActiveCfg = Release|Any CPU
		{387C2401-FEEC-4E6A-A980-DFEAC921BF42}.Release|x64.Build.0 = Release|Any CPU
		{387C2401-FEEC-4E6A-A980-DFEAC921BF42}.Release|x86.ActiveCfg = Release|Any CPU
		{387C2401-FEEC-4E6A-A980-DFEAC921BF42}.Release|x86.Build.0 = Release|Any CPU
		{39BA3FBD-D296-498B-9B61-3F9257EA6836}.Debug|Any CPU.ActiveCfg = Debug|Any CPU
		{39BA3FBD-D296-498B-9B61-3F9257EA6836}.Debug|Any CPU.Build.0 = Debug|Any CPU
		{39BA3FBD-D296-498B-9B61-3F9257EA6836}.Debug|x64.ActiveCfg = Debug|Any CPU
		{39BA3FBD-D296-498B-9B61-3F9257EA6836}.Debug|x64.Build.0 = Debug|Any CPU
		{39BA3FBD-D296-498B-9B61-3F9257EA6836}.Debug|x86.ActiveCfg = Debug|Any CPU
		{39BA3FBD-D296-498B-9B61-3F9257EA6836}.Debug|x86.Build.0 = Debug|Any CPU
		{39BA3FBD-D296-498B-9B61-3F9257EA6836}.Release|Any CPU.ActiveCfg = Release|Any CPU
		{39BA3FBD-D296-498B-9B61-3F9257EA6836}.Release|Any CPU.Build.0 = Release|Any CPU
		{39BA3FBD-D296-498B-9B61-3F9257EA6836}.Release|x64.ActiveCfg = Release|Any CPU
		{39BA3FBD-D296-498B-9B61-3F9257EA6836}.Release|x64.Build.0 = Release|Any CPU
		{39BA3FBD-D296-498B-9B61-3F9257EA6836}.Release|x86.ActiveCfg = Release|Any CPU
		{39BA3FBD-D296-498B-9B61-3F9257EA6836}.Release|x86.Build.0 = Release|Any CPU
		{2E1B685E-D18D-4C95-96D8-40C4BCBCF971}.Debug|Any CPU.ActiveCfg = Debug|Any CPU
		{2E1B685E-D18D-4C95-96D8-40C4BCBCF971}.Debug|Any CPU.Build.0 = Debug|Any CPU
		{2E1B685E-D18D-4C95-96D8-40C4BCBCF971}.Debug|x64.ActiveCfg = Debug|Any CPU
		{2E1B685E-D18D-4C95-96D8-40C4BCBCF971}.Debug|x64.Build.0 = Debug|Any CPU
		{2E1B685E-D18D-4C95-96D8-40C4BCBCF971}.Debug|x86.ActiveCfg = Debug|Any CPU
		{2E1B685E-D18D-4C95-96D8-40C4BCBCF971}.Debug|x86.Build.0 = Debug|Any CPU
		{2E1B685E-D18D-4C95-96D8-40C4BCBCF971}.Release|Any CPU.ActiveCfg = Release|Any CPU
		{2E1B685E-D18D-4C95-96D8-40C4BCBCF971}.Release|Any CPU.Build.0 = Release|Any CPU
		{2E1B685E-D18D-4C95-96D8-40C4BCBCF971}.Release|x64.ActiveCfg = Release|Any CPU
		{2E1B685E-D18D-4C95-96D8-40C4BCBCF971}.Release|x64.Build.0 = Release|Any CPU
		{2E1B685E-D18D-4C95-96D8-40C4BCBCF971}.Release|x86.ActiveCfg = Release|Any CPU
		{2E1B685E-D18D-4C95-96D8-40C4BCBCF971}.Release|x86.Build.0 = Release|Any CPU
		{F2650DD2-458A-4084-A992-C0831475FD66}.Debug|Any CPU.ActiveCfg = Debug|Any CPU
		{F2650DD2-458A-4084-A992-C0831475FD66}.Debug|Any CPU.Build.0 = Debug|Any CPU
		{F2650DD2-458A-4084-A992-C0831475FD66}.Debug|x64.ActiveCfg = Debug|Any CPU
		{F2650DD2-458A-4084-A992-C0831475FD66}.Debug|x64.Build.0 = Debug|Any CPU
		{F2650DD2-458A-4084-A992-C0831475FD66}.Debug|x86.ActiveCfg = Debug|Any CPU
		{F2650DD2-458A-4084-A992-C0831475FD66}.Debug|x86.Build.0 = Debug|Any CPU
		{F2650DD2-458A-4084-A992-C0831475FD66}.Release|Any CPU.ActiveCfg = Release|Any CPU
		{F2650DD2-458A-4084-A992-C0831475FD66}.Release|Any CPU.Build.0 = Release|Any CPU
		{F2650DD2-458A-4084-A992-C0831475FD66}.Release|x64.ActiveCfg = Release|Any CPU
		{F2650DD2-458A-4084-A992-C0831475FD66}.Release|x64.Build.0 = Release|Any CPU
		{F2650DD2-458A-4084-A992-C0831475FD66}.Release|x86.ActiveCfg = Release|Any CPU
		{F2650DD2-458A-4084-A992-C0831475FD66}.Release|x86.Build.0 = Release|Any CPU
		{535FE688-D162-44D9-9965-5FF6353EBE42}.Debug|Any CPU.ActiveCfg = Debug|Any CPU
		{535FE688-D162-44D9-9965-5FF6353EBE42}.Debug|Any CPU.Build.0 = Debug|Any CPU
		{535FE688-D162-44D9-9965-5FF6353EBE42}.Debug|x64.ActiveCfg = Debug|Any CPU
		{535FE688-D162-44D9-9965-5FF6353EBE42}.Debug|x64.Build.0 = Debug|Any CPU
		{535FE688-D162-44D9-9965-5FF6353EBE42}.Debug|x86.ActiveCfg = Debug|Any CPU
		{535FE688-D162-44D9-9965-5FF6353EBE42}.Debug|x86.Build.0 = Debug|Any CPU
		{535FE688-D162-44D9-9965-5FF6353EBE42}.Release|Any CPU.ActiveCfg = Release|Any CPU
		{535FE688-D162-44D9-9965-5FF6353EBE42}.Release|Any CPU.Build.0 = Release|Any CPU
		{535FE688-D162-44D9-9965-5FF6353EBE42}.Release|x64.ActiveCfg = Release|Any CPU
		{535FE688-D162-44D9-9965-5FF6353EBE42}.Release|x64.Build.0 = Release|Any CPU
		{535FE688-D162-44D9-9965-5FF6353EBE42}.Release|x86.ActiveCfg = Release|Any CPU
		{535FE688-D162-44D9-9965-5FF6353EBE42}.Release|x86.Build.0 = Release|Any CPU
		{CE2C67C6-B428-4BEC-82BF-C2BA5200171B}.Debug|Any CPU.ActiveCfg = Debug|Any CPU
		{CE2C67C6-B428-4BEC-82BF-C2BA5200171B}.Debug|Any CPU.Build.0 = Debug|Any CPU
		{CE2C67C6-B428-4BEC-82BF-C2BA5200171B}.Debug|x64.ActiveCfg = Debug|Any CPU
		{CE2C67C6-B428-4BEC-82BF-C2BA5200171B}.Debug|x64.Build.0 = Debug|Any CPU
		{CE2C67C6-B428-4BEC-82BF-C2BA5200171B}.Debug|x86.ActiveCfg = Debug|Any CPU
		{CE2C67C6-B428-4BEC-82BF-C2BA5200171B}.Debug|x86.Build.0 = Debug|Any CPU
		{CE2C67C6-B428-4BEC-82BF-C2BA5200171B}.Release|Any CPU.ActiveCfg = Release|Any CPU
		{CE2C67C6-B428-4BEC-82BF-C2BA5200171B}.Release|Any CPU.Build.0 = Release|Any CPU
		{CE2C67C6-B428-4BEC-82BF-C2BA5200171B}.Release|x64.ActiveCfg = Release|Any CPU
		{CE2C67C6-B428-4BEC-82BF-C2BA5200171B}.Release|x64.Build.0 = Release|Any CPU
		{CE2C67C6-B428-4BEC-82BF-C2BA5200171B}.Release|x86.ActiveCfg = Release|Any CPU
		{CE2C67C6-B428-4BEC-82BF-C2BA5200171B}.Release|x86.Build.0 = Release|Any CPU
		{6EFCA9A4-A557-4497-9261-357E06C65585}.Debug|Any CPU.ActiveCfg = Debug|Any CPU
		{6EFCA9A4-A557-4497-9261-357E06C65585}.Debug|Any CPU.Build.0 = Debug|Any CPU
		{6EFCA9A4-A557-4497-9261-357E06C65585}.Debug|x64.ActiveCfg = Debug|Any CPU
		{6EFCA9A4-A557-4497-9261-357E06C65585}.Debug|x64.Build.0 = Debug|Any CPU
		{6EFCA9A4-A557-4497-9261-357E06C65585}.Debug|x86.ActiveCfg = Debug|Any CPU
		{6EFCA9A4-A557-4497-9261-357E06C65585}.Debug|x86.Build.0 = Debug|Any CPU
		{6EFCA9A4-A557-4497-9261-357E06C65585}.Release|Any CPU.ActiveCfg = Release|Any CPU
		{6EFCA9A4-A557-4497-9261-357E06C65585}.Release|Any CPU.Build.0 = Release|Any CPU
		{6EFCA9A4-A557-4497-9261-357E06C65585}.Release|x64.ActiveCfg = Release|Any CPU
		{6EFCA9A4-A557-4497-9261-357E06C65585}.Release|x64.Build.0 = Release|Any CPU
		{6EFCA9A4-A557-4497-9261-357E06C65585}.Release|x86.ActiveCfg = Release|Any CPU
		{6EFCA9A4-A557-4497-9261-357E06C65585}.Release|x86.Build.0 = Release|Any CPU
	EndGlobalSection
	GlobalSection(SolutionProperties) = preSolution
		HideSolutionNode = FALSE
	EndGlobalSection
	GlobalSection(NestedProjects) = preSolution
		{39BA3FBD-D296-498B-9B61-3F9257EA6836} = {827E0CD3-B72D-47B6-A68D-7590B98EB39B}
		{2E1B685E-D18D-4C95-96D8-40C4BCBCF971} = {827E0CD3-B72D-47B6-A68D-7590B98EB39B}
		{F2650DD2-458A-4084-A992-C0831475FD66} = {827E0CD3-B72D-47B6-A68D-7590B98EB39B}
		{535FE688-D162-44D9-9965-5FF6353EBE42} = {827E0CD3-B72D-47B6-A68D-7590B98EB39B}
		{CE2C67C6-B428-4BEC-82BF-C2BA5200171B} = {827E0CD3-B72D-47B6-A68D-7590B98EB39B}
		{6EFCA9A4-A557-4497-9261-357E06C65585} = {827E0CD3-B72D-47B6-A68D-7590B98EB39B}
	EndGlobalSection
EndGlobal
